
Microsoft Visual Studio Solution File, Format Version 12.00
# Visual Studio Version 16
VisualStudioVersion = 16.0.31229.75
MinimumVisualStudioVersion = 10.0.40219.1
Project("{8BC9CEB8-8B4A-11D0-8D11-00A0C91BC942}") = "Problema 2", "Problema 2\Problema 2.vcxproj", "{51D155B4-C29C-475D-B722-B9D36320739F}"
EndProject
Global
	GlobalSection(SolutionConfigurationPlatforms) = preSolution
		Debug|x64 = Debug|x64
		Debug|x86 = Debug|x86
		Release|x64 = Release|x64
		Release|x86 = Release|x86
	EndGlobalSection
	GlobalSection(ProjectConfigurationPlatforms) = postSolution
		{51D155B4-C29C-475D-B722-B9D36320739F}.Debug|x64.ActiveCfg = Debug|x64
		{51D155B4-C29C-475D-B722-B9D36320739F}.Debug|x64.Build.0 = Debug|x64
		{51D155B4-C29C-475D-B722-B9D36320739F}.Debug|x86.ActiveCfg = Debug|Win32
		{51D155B4-C29C-475D-B722-B9D36320739F}.Debug|x86.Build.0 = Debug|Win32
		{51D155B4-C29C-475D-B722-B9D36320739F}.Release|x64.ActiveCfg = Release|x64
		{51D155B4-C29C-475D-B722-B9D36320739F}.Release|x64.Build.0 = Release|x64
		{51D155B4-C29C-475D-B722-B9D36320739F}.Release|x86.ActiveCfg = Release|Win32
		{51D155B4-C29C-475D-B722-B9D36320739F}.Release|x86.Build.0 = Release|Win32
	EndGlobalSection
	GlobalSection(SolutionProperties) = preSolution
		HideSolutionNode = FALSE
	EndGlobalSection
	GlobalSection(ExtensibilityGlobals) = postSolution
		SolutionGuid = {B71B5028-B2D4-475D-985E-E499B80DD556}
	EndGlobalSection
EndGlobal
