
Microsoft Visual Studio Solution File, Format Version 12.00
# Visual Studio Version 16
VisualStudioVersion = 16.0.31229.75
MinimumVisualStudioVersion = 10.0.40219.1
Project("{8BC9CEB8-8B4A-11D0-8D11-00A0C91BC942}") = "Pregunta 3", "Pregunta 3\Pregunta 3.vcxproj", "{01C7B8AD-2D79-413D-B2FD-980FFF205DED}"
EndProject
Global
	GlobalSection(SolutionConfigurationPlatforms) = preSolution
		Debug|x64 = Debug|x64
		Debug|x86 = Debug|x86
		Release|x64 = Release|x64
		Release|x86 = Release|x86
	EndGlobalSection
	GlobalSection(ProjectConfigurationPlatforms) = postSolution
		{01C7B8AD-2D79-413D-B2FD-980FFF205DED}.Debug|x64.ActiveCfg = Debug|x64
		{01C7B8AD-2D79-413D-B2FD-980FFF205DED}.Debug|x64.Build.0 = Debug|x64
		{01C7B8AD-2D79-413D-B2FD-980FFF205DED}.Debug|x86.ActiveCfg = Debug|Win32
		{01C7B8AD-2D79-413D-B2FD-980FFF205DED}.Debug|x86.Build.0 = Debug|Win32
		{01C7B8AD-2D79-413D-B2FD-980FFF205DED}.Release|x64.ActiveCfg = Release|x64
		{01C7B8AD-2D79-413D-B2FD-980FFF205DED}.Release|x64.Build.0 = Release|x64
		{01C7B8AD-2D79-413D-B2FD-980FFF205DED}.Release|x86.ActiveCfg = Release|Win32
		{01C7B8AD-2D79-413D-B2FD-980FFF205DED}.Release|x86.Build.0 = Release|Win32
	EndGlobalSection
	GlobalSection(SolutionProperties) = preSolution
		HideSolutionNode = FALSE
	EndGlobalSection
	GlobalSection(ExtensibilityGlobals) = postSolution
		SolutionGuid = {9DA2487A-15D2-4F54-B584-2C3902D45E39}
	EndGlobalSection
EndGlobal
